
Microsoft Visual Studio Solution File, Format Version 12.00
# Visual Studio Version 17
VisualStudioVersion = 17.1.32228.430
MinimumVisualStudioVersion = 10.0.40219.1
Project("{FAE04EC0-301F-11D3-BF4B-00C04F79EFBC}") = "CursoCSharp", "CursoCSharp\CursoCSharp.csproj", "{C41104ED-02BE-4867-AE0E-02721E82BB55}"
EndProject
Global
	GlobalSection(SolutionConfigurationPlatforms) = preSolution
		Debug|Any CPU = Debug|Any CPU
		Release|Any CPU = Release|Any CPU
	EndGlobalSection
	GlobalSection(ProjectConfigurationPlatforms) = postSolution
		{C41104ED-02BE-4867-AE0E-02721E82BB55}.Debug|Any CPU.ActiveCfg = Debug|Any CPU
		{C41104ED-02BE-4867-AE0E-02721E82BB55}.Debug|Any CPU.Build.0 = Debug|Any CPU
		{C41104ED-02BE-4867-AE0E-02721E82BB55}.Release|Any CPU.ActiveCfg = Release|Any CPU
		{C41104ED-02BE-4867-AE0E-02721E82BB55}.Release|Any CPU.Build.0 = Release|Any CPU
	EndGlobalSection
	GlobalSection(SolutionProperties) = preSolution
		HideSolutionNode = FALSE
	EndGlobalSection
	GlobalSection(ExtensibilityGlobals) = postSolution
		SolutionGuid = {013D2287-59C2-49A0-AB11-FDC445BF2E32}
	EndGlobalSection
EndGlobal
